
Microsoft Visual Studio Solution File, Format Version 12.00
# Visual Studio 15
VisualStudioVersion = 15.0.28307.489
MinimumVisualStudioVersion = 10.0.40219.1
Project("{FAE04EC0-301F-11D3-BF4B-00C04F79EFBC}") = "ispitnaa", "ispitnaa\ispitnaa.csproj", "{F6344BE5-896A-46A6-A455-7B909346609C}"
EndProject
Global
	GlobalSection(SolutionConfigurationPlatforms) = preSolution
		Debug|Any CPU = Debug|Any CPU
		Release|Any CPU = Release|Any CPU
	EndGlobalSection
	GlobalSection(ProjectConfigurationPlatforms) = postSolution
		{F6344BE5-896A-46A6-A455-7B909346609C}.Debug|Any CPU.ActiveCfg = Debug|Any CPU
		{F6344BE5-896A-46A6-A455-7B909346609C}.Debug|Any CPU.Build.0 = Debug|Any CPU
		{F6344BE5-896A-46A6-A455-7B909346609C}.Release|Any CPU.ActiveCfg = Release|Any CPU
		{F6344BE5-896A-46A6-A455-7B909346609C}.Release|Any CPU.Build.0 = Release|Any CPU
	EndGlobalSection
	GlobalSection(SolutionProperties) = preSolution
		HideSolutionNode = FALSE
	EndGlobalSection
	GlobalSection(ExtensibilityGlobals) = postSolution
		SolutionGuid = {0133CA71-10A6-4B72-9E50-827C6DBCA5FC}
	EndGlobalSection
EndGlobal
